
Microsoft Visual Studio Solution File, Format Version 12.00
# Visual Studio Version 16
VisualStudioVersion = 16.0.31624.102
MinimumVisualStudioVersion = 10.0.40219.1
Project("{888888A0-9F3D-457C-B088-3A5042F75D52}") = "churn detect ai", "churn detect ai\churn detect ai.pyproj", "{F1265A4F-333D-4534-B054-909E3531D94C}"
EndProject
Global
	GlobalSection(SolutionConfigurationPlatforms) = preSolution
		Debug|Any CPU = Debug|Any CPU
		Release|Any CPU = Release|Any CPU
	EndGlobalSection
	GlobalSection(ProjectConfigurationPlatforms) = postSolution
		{F1265A4F-333D-4534-B054-909E3531D94C}.Debug|Any CPU.ActiveCfg = Debug|Any CPU
		{F1265A4F-333D-4534-B054-909E3531D94C}.Release|Any CPU.ActiveCfg = Release|Any CPU
	EndGlobalSection
	GlobalSection(SolutionProperties) = preSolution
		HideSolutionNode = FALSE
	EndGlobalSection
	GlobalSection(ExtensibilityGlobals) = postSolution
		SolutionGuid = {12C28868-4024-4676-AC9D-0E50E0BD3A26}
	EndGlobalSection
EndGlobal
